
Microsoft Visual Studio Solution File, Format Version 12.00
# Visual Studio Version 16
VisualStudioVersion = 16.0.31205.134
MinimumVisualStudioVersion = 10.0.40219.1
Project("{2150E333-8FDC-42A3-9474-1A3956D46DE8}") = "Services", "Services", "{C769CF02-15D2-4735-B835-897313C5020E}"
EndProject
Project("{2150E333-8FDC-42A3-9474-1A3956D46DE8}") = "Catalog", "Catalog", "{BD88FB95-BE75-4797-B1E0-59B62ED3F5AF}"
EndProject
Project("{9A19103F-16F7-4668-BE54-9A1E7A4F7556}") = "Catalog.API", "Services\Catalog\Catalog.API\Catalog.API.csproj", "{842C5F0E-7AFD-4A5E-A463-D2F563D6A176}"
EndProject
Project("{E53339B2-1760-4266-BCC7-CA923CBCF16C}") = "docker-compose", "docker-compose.dcproj", "{B1E27A66-ED67-4034-9B0E-A4D0AD18E4FB}"
EndProject
Project("{2150E333-8FDC-42A3-9474-1A3956D46DE8}") = "Basket", "Basket", "{A341F939-509A-4E34-8AC0-F4985CD0BB52}"
EndProject
Project("{9A19103F-16F7-4668-BE54-9A1E7A4F7556}") = "Basket.API", "Services\Basket\Basket.API\Basket.API.csproj", "{1706B640-CBE8-4DC6-8688-3CD06F91BE1B}"
EndProject
Project("{2150E333-8FDC-42A3-9474-1A3956D46DE8}") = "Discount", "Discount", "{E5B1FF7A-C51E-4DB7-B2C0-8369242D0444}"
EndProject
Project("{9A19103F-16F7-4668-BE54-9A1E7A4F7556}") = "Discount.API", "Services\Discount\Discount.API\Discount.API.csproj", "{1E832806-580F-4D72-82E6-AD32BFF4A2CE}"
EndProject
Project("{9A19103F-16F7-4668-BE54-9A1E7A4F7556}") = "Discount.Grpc", "Services\Discount\Discount.Grpc\Discount.Grpc.csproj", "{3A675949-6A4F-478F-B407-BBFE5029DE49}"
EndProject
Project("{2150E333-8FDC-42A3-9474-1A3956D46DE8}") = "Ordering", "Ordering", "{918DB8C8-E9CF-44FB-8C5D-4A1FC5244DBA}"
EndProject
Project("{9A19103F-16F7-4668-BE54-9A1E7A4F7556}") = "Ordering.API", "Services\Ordering\Ordering.API\Ordering.API.csproj", "{8CD336AF-D9F1-4CAD-8DFD-769A6C976FA7}"
EndProject
Project("{9A19103F-16F7-4668-BE54-9A1E7A4F7556}") = "Ordering.Domain", "Services\Ordering\Ordering.Domain\Ordering.Domain.csproj", "{F066AB58-D61C-45E0-8672-321A20809409}"
EndProject
Project("{9A19103F-16F7-4668-BE54-9A1E7A4F7556}") = "Ordering.Application", "Services\Ordering\Ordering.Application\Ordering.Application.csproj", "{85AA6755-72D5-4381-93B2-BF669485BA70}"
EndProject
Project("{9A19103F-16F7-4668-BE54-9A1E7A4F7556}") = "Ordering.Infrastructure", "Services\Ordering\Ordering.Infrastructure\Ordering.Infrastructure.csproj", "{4F942AFF-2941-4331-9B8A-7F4F490EB22D}"
EndProject
Project("{2150E333-8FDC-42A3-9474-1A3956D46DE8}") = "Solution Items", "Solution Items", "{CC2FE919-2428-44F1-9376-98F45CC05E7D}"
EndProject
Project("{2150E333-8FDC-42A3-9474-1A3956D46DE8}") = "BuildingBlocks", "BuildingBlocks", "{CDC91F72-0202-4854-B326-A67F1E3D3A5D}"
EndProject
Project("{9A19103F-16F7-4668-BE54-9A1E7A4F7556}") = "EventBus.Messages", "BuildingBlocks\EventBus.Messages\EventBus.Messages.csproj", "{5DD4C21D-4D79-4956-AD6E-797A5449B85B}"
EndProject
Project("{2150E333-8FDC-42A3-9474-1A3956D46DE8}") = "ApiGateways", "ApiGateways", "{B3E83D28-5AC6-48A1-8769-E59676A86EA8}"
EndProject
Project("{9A19103F-16F7-4668-BE54-9A1E7A4F7556}") = "OcelotApiGw", "ApiGateways\OcelotApiGw\OcelotApiGw.csproj", "{0F2B4F6C-86F7-41C6-A9E9-CD26C9E23043}"
EndProject
Project("{9A19103F-16F7-4668-BE54-9A1E7A4F7556}") = "Shopping.Aggregator", "ApiGateways\Shopping.Aggregator\Shopping.Aggregator.csproj", "{E0736863-D9AE-4FC6-860D-0F54FAA0FF78}"
EndProject
Project("{2150E333-8FDC-42A3-9474-1A3956D46DE8}") = "WebApps", "WebApps", "{47909CBC-ABD6-4663-89AE-1A479DAF6000}"
EndProject
Project("{9A19103F-16F7-4668-BE54-9A1E7A4F7556}") = "AspnetRunBasics", "WebApps\AspnetRunBasics\AspnetRunBasics.csproj", "{564A39AE-0D52-470F-A9EC-F598C2AE8DF4}"
EndProject
Global
	GlobalSection(SolutionConfigurationPlatforms) = preSolution
		Debug|Any CPU = Debug|Any CPU
		Release|Any CPU = Release|Any CPU
	EndGlobalSection
	GlobalSection(ProjectConfigurationPlatforms) = postSolution
		{842C5F0E-7AFD-4A5E-A463-D2F563D6A176}.Debug|Any CPU.ActiveCfg = Debug|Any CPU
		{842C5F0E-7AFD-4A5E-A463-D2F563D6A176}.Debug|Any CPU.Build.0 = Debug|Any CPU
		{842C5F0E-7AFD-4A5E-A463-D2F563D6A176}.Release|Any CPU.ActiveCfg = Release|Any CPU
		{842C5F0E-7AFD-4A5E-A463-D2F563D6A176}.Release|Any CPU.Build.0 = Release|Any CPU
		{B1E27A66-ED67-4034-9B0E-A4D0AD18E4FB}.Debug|Any CPU.ActiveCfg = Debug|Any CPU
		{B1E27A66-ED67-4034-9B0E-A4D0AD18E4FB}.Debug|Any CPU.Build.0 = Debug|Any CPU
		{B1E27A66-ED67-4034-9B0E-A4D0AD18E4FB}.Release|Any CPU.ActiveCfg = Release|Any CPU
		{B1E27A66-ED67-4034-9B0E-A4D0AD18E4FB}.Release|Any CPU.Build.0 = Release|Any CPU
		{1706B640-CBE8-4DC6-8688-3CD06F91BE1B}.Debug|Any CPU.ActiveCfg = Debug|Any CPU
		{1706B640-CBE8-4DC6-8688-3CD06F91BE1B}.Debug|Any CPU.Build.0 = Debug|Any CPU
		{1706B640-CBE8-4DC6-8688-3CD06F91BE1B}.Release|Any CPU.ActiveCfg = Release|Any CPU
		{1706B640-CBE8-4DC6-8688-3CD06F91BE1B}.Release|Any CPU.Build.0 = Release|Any CPU
		{1E832806-580F-4D72-82E6-AD32BFF4A2CE}.Debug|Any CPU.ActiveCfg = Debug|Any CPU
		{1E832806-580F-4D72-82E6-AD32BFF4A2CE}.Debug|Any CPU.Build.0 = Debug|Any CPU
		{1E832806-580F-4D72-82E6-AD32BFF4A2CE}.Release|Any CPU.ActiveCfg = Release|Any CPU
		{1E832806-580F-4D72-82E6-AD32BFF4A2CE}.Release|Any CPU.Build.0 = Release|Any CPU
		{3A675949-6A4F-478F-B407-BBFE5029DE49}.Debug|Any CPU.ActiveCfg = Debug|Any CPU
		{3A675949-6A4F-478F-B407-BBFE5029DE49}.Debug|Any CPU.Build.0 = Debug|Any CPU
		{3A675949-6A4F-478F-B407-BBFE5029DE49}.Release|Any CPU.ActiveCfg = Release|Any CPU
		{3A675949-6A4F-478F-B407-BBFE5029DE49}.Release|Any CPU.Build.0 = Release|Any CPU
		{8CD336AF-D9F1-4CAD-8DFD-769A6C976FA7}.Debug|Any CPU.ActiveCfg = Debug|Any CPU
		{8CD336AF-D9F1-4CAD-8DFD-769A6C976FA7}.Debug|Any CPU.Build.0 = Debug|Any CPU
		{8CD336AF-D9F1-4CAD-8DFD-769A6C976FA7}.Release|Any CPU.ActiveCfg = Release|Any CPU
		{8CD336AF-D9F1-4CAD-8DFD-769A6C976FA7}.Release|Any CPU.Build.0 = Release|Any CPU
		{F066AB58-D61C-45E0-8672-321A20809409}.Debug|Any CPU.ActiveCfg = Debug|Any CPU
		{F066AB58-D61C-45E0-8672-321A20809409}.Debug|Any CPU.Build.0 = Debug|Any CPU
		{F066AB58-D61C-45E0-8672-321A20809409}.Release|Any CPU.ActiveCfg = Release|Any CPU
		{F066AB58-D61C-45E0-8672-321A20809409}.Release|Any CPU.Build.0 = Release|Any CPU
		{85AA6755-72D5-4381-93B2-BF669485BA70}.Debug|Any CPU.ActiveCfg = Debug|Any CPU
		{85AA6755-72D5-4381-93B2-BF669485BA70}.Debug|Any CPU.Build.0 = Debug|Any CPU
		{85AA6755-72D5-4381-93B2-BF669485BA70}.Release|Any CPU.ActiveCfg = Release|Any CPU
		{85AA6755-72D5-4381-93B2-BF669485BA70}.Release|Any CPU.Build.0 = Release|Any CPU
		{4F942AFF-2941-4331-9B8A-7F4F490EB22D}.Debug|Any CPU.ActiveCfg = Debug|Any CPU
		{4F942AFF-2941-4331-9B8A-7F4F490EB22D}.Debug|Any CPU.Build.0 = Debug|Any CPU
		{4F942AFF-2941-4331-9B8A-7F4F490EB22D}.Release|Any CPU.ActiveCfg = Release|Any CPU
		{4F942AFF-2941-4331-9B8A-7F4F490EB22D}.Release|Any CPU.Build.0 = Release|Any CPU
		{5DD4C21D-4D79-4956-AD6E-797A5449B85B}.Debug|Any CPU.ActiveCfg = Debug|Any CPU
		{5DD4C21D-4D79-4956-AD6E-797A5449B85B}.Debug|Any CPU.Build.0 = Debug|Any CPU
		{5DD4C21D-4D79-4956-AD6E-797A5449B85B}.Release|Any CPU.ActiveCfg = Release|Any CPU
		{5DD4C21D-4D79-4956-AD6E-797A5449B85B}.Release|Any CPU.Build.0 = Release|Any CPU
		{0F2B4F6C-86F7-41C6-A9E9-CD26C9E23043}.Debug|Any CPU.ActiveCfg = Debug|Any CPU
		{0F2B4F6C-86F7-41C6-A9E9-CD26C9E23043}.Debug|Any CPU.Build.0 = Debug|Any CPU
		{0F2B4F6C-86F7-41C6-A9E9-CD26C9E23043}.Release|Any CPU.ActiveCfg = Release|Any CPU
		{0F2B4F6C-86F7-41C6-A9E9-CD26C9E23043}.Release|Any CPU.Build.0 = Release|Any CPU
		{E0736863-D9AE-4FC6-860D-0F54FAA0FF78}.Debug|Any CPU.ActiveCfg = Debug|Any CPU
		{E0736863-D9AE-4FC6-860D-0F54FAA0FF78}.Debug|Any CPU.Build.0 = Debug|Any CPU
		{E0736863-D9AE-4FC6-860D-0F54FAA0FF78}.Release|Any CPU.ActiveCfg = Release|Any CPU
		{E0736863-D9AE-4FC6-860D-0F54FAA0FF78}.Release|Any CPU.Build.0 = Release|Any CPU
		{564A39AE-0D52-470F-A9EC-F598C2AE8DF4}.Debug|Any CPU.ActiveCfg = Debug|Any CPU
		{564A39AE-0D52-470F-A9EC-F598C2AE8DF4}.Debug|Any CPU.Build.0 = Debug|Any CPU
		{564A39AE-0D52-470F-A9EC-F598C2AE8DF4}.Release|Any CPU.ActiveCfg = Release|Any CPU
		{564A39AE-0D52-470F-A9EC-F598C2AE8DF4}.Release|Any CPU.Build.0 = Release|Any CPU
	EndGlobalSection
	GlobalSection(SolutionProperties) = preSolution
		HideSolutionNode = FALSE
	EndGlobalSection
	GlobalSection(NestedProjects) = preSolution
		{BD88FB95-BE75-4797-B1E0-59B62ED3F5AF} = {C769CF02-15D2-4735-B835-897313C5020E}
		{842C5F0E-7AFD-4A5E-A463-D2F563D6A176} = {BD88FB95-BE75-4797-B1E0-59B62ED3F5AF}
		{A341F939-509A-4E34-8AC0-F4985CD0BB52} = {C769CF02-15D2-4735-B835-897313C5020E}
		{1706B640-CBE8-4DC6-8688-3CD06F91BE1B} = {A341F939-509A-4E34-8AC0-F4985CD0BB52}
		{E5B1FF7A-C51E-4DB7-B2C0-8369242D0444} = {C769CF02-15D2-4735-B835-897313C5020E}
		{1E832806-580F-4D72-82E6-AD32BFF4A2CE} = {E5B1FF7A-C51E-4DB7-B2C0-8369242D0444}
		{3A675949-6A4F-478F-B407-BBFE5029DE49} = {E5B1FF7A-C51E-4DB7-B2C0-8369242D0444}
		{918DB8C8-E9CF-44FB-8C5D-4A1FC5244DBA} = {C769CF02-15D2-4735-B835-897313C5020E}
		{8CD336AF-D9F1-4CAD-8DFD-769A6C976FA7} = {918DB8C8-E9CF-44FB-8C5D-4A1FC5244DBA}
		{F066AB58-D61C-45E0-8672-321A20809409} = {918DB8C8-E9CF-44FB-8C5D-4A1FC5244DBA}
		{85AA6755-72D5-4381-93B2-BF669485BA70} = {918DB8C8-E9CF-44FB-8C5D-4A1FC5244DBA}
		{4F942AFF-2941-4331-9B8A-7F4F490EB22D} = {918DB8C8-E9CF-44FB-8C5D-4A1FC5244DBA}
		{5DD4C21D-4D79-4956-AD6E-797A5449B85B} = {CDC91F72-0202-4854-B326-A67F1E3D3A5D}
		{0F2B4F6C-86F7-41C6-A9E9-CD26C9E23043} = {B3E83D28-5AC6-48A1-8769-E59676A86EA8}
		{E0736863-D9AE-4FC6-860D-0F54FAA0FF78} = {B3E83D28-5AC6-48A1-8769-E59676A86EA8}
		{564A39AE-0D52-470F-A9EC-F598C2AE8DF4} = {47909CBC-ABD6-4663-89AE-1A479DAF6000}
	EndGlobalSection
	GlobalSection(ExtensibilityGlobals) = postSolution
		SolutionGuid = {633F9A26-830F-473E-AB0B-C23D328772F3}
	EndGlobalSection
EndGlobal
