
Microsoft Visual Studio Solution File, Format Version 12.00
# Visual Studio Version 16
VisualStudioVersion = 16.0.31205.134
MinimumVisualStudioVersion = 10.0.40219.1
Project("{2150E333-8FDC-42A3-9474-1A3956D46DE8}") = "Services", "Services", "{C769CF02-15D2-4735-B835-897313C5020E}"
EndProject
Project("{2150E333-8FDC-42A3-9474-1A3956D46DE8}") = "Catalog", "Catalog", "{BD88FB95-BE75-4797-B1E0-59B62ED3F5AF}"
EndProject
Project("{9A19103F-16F7-4668-BE54-9A1E7A4F7556}") = "Catalog.API", "Services\Catalog\Catalog.API\Catalog.API.csproj", "{842C5F0E-7AFD-4A5E-A463-D2F563D6A176}"
EndProject
Project("{E53339B2-1760-4266-BCC7-CA923CBCF16C}") = "docker-compose", "docker-compose.dcproj", "{B1E27A66-ED67-4034-9B0E-A4D0AD18E4FB}"
EndProject
Project("{2150E333-8FDC-42A3-9474-1A3956D46DE8}") = "Basket", "Basket", "{A341F939-509A-4E34-8AC0-F4985CD0BB52}"
EndProject
Project("{9A19103F-16F7-4668-BE54-9A1E7A4F7556}") = "Basket.API", "Services\Basket\Basket.API\Basket.API.csproj", "{1706B640-CBE8-4DC6-8688-3CD06F91BE1B}"
EndProject
Project("{2150E333-8FDC-42A3-9474-1A3956D46DE8}") = "Discount", "Discount", "{E5B1FF7A-C51E-4DB7-B2C0-8369242D0444}"
EndProject
Project("{FAE04EC0-301F-11D3-BF4B-00C04F79EFBC}") = "Discount.API", "Services\Discount\Discount.API\Discount.API.csproj", "{1E832806-580F-4D72-82E6-AD32BFF4A2CE}"
EndProject
Global
	GlobalSection(SolutionConfigurationPlatforms) = preSolution
		Debug|Any CPU = Debug|Any CPU
		Release|Any CPU = Release|Any CPU
	EndGlobalSection
	GlobalSection(ProjectConfigurationPlatforms) = postSolution
		{842C5F0E-7AFD-4A5E-A463-D2F563D6A176}.Debug|Any CPU.ActiveCfg = Debug|Any CPU
		{842C5F0E-7AFD-4A5E-A463-D2F563D6A176}.Debug|Any CPU.Build.0 = Debug|Any CPU
		{842C5F0E-7AFD-4A5E-A463-D2F563D6A176}.Release|Any CPU.ActiveCfg = Release|Any CPU
		{842C5F0E-7AFD-4A5E-A463-D2F563D6A176}.Release|Any CPU.Build.0 = Release|Any CPU
		{B1E27A66-ED67-4034-9B0E-A4D0AD18E4FB}.Debug|Any CPU.ActiveCfg = Debug|Any CPU
		{B1E27A66-ED67-4034-9B0E-A4D0AD18E4FB}.Debug|Any CPU.Build.0 = Debug|Any CPU
		{B1E27A66-ED67-4034-9B0E-A4D0AD18E4FB}.Release|Any CPU.ActiveCfg = Release|Any CPU
		{B1E27A66-ED67-4034-9B0E-A4D0AD18E4FB}.Release|Any CPU.Build.0 = Release|Any CPU
		{1706B640-CBE8-4DC6-8688-3CD06F91BE1B}.Debug|Any CPU.ActiveCfg = Debug|Any CPU
		{1706B640-CBE8-4DC6-8688-3CD06F91BE1B}.Debug|Any CPU.Build.0 = Debug|Any CPU
		{1706B640-CBE8-4DC6-8688-3CD06F91BE1B}.Release|Any CPU.ActiveCfg = Release|Any CPU
		{1706B640-CBE8-4DC6-8688-3CD06F91BE1B}.Release|Any CPU.Build.0 = Release|Any CPU
		{1E832806-580F-4D72-82E6-AD32BFF4A2CE}.Debug|Any CPU.ActiveCfg = Debug|Any CPU
		{1E832806-580F-4D72-82E6-AD32BFF4A2CE}.Debug|Any CPU.Build.0 = Debug|Any CPU
		{1E832806-580F-4D72-82E6-AD32BFF4A2CE}.Release|Any CPU.ActiveCfg = Release|Any CPU
		{1E832806-580F-4D72-82E6-AD32BFF4A2CE}.Release|Any CPU.Build.0 = Release|Any CPU
	EndGlobalSection
	GlobalSection(SolutionProperties) = preSolution
		HideSolutionNode = FALSE
	EndGlobalSection
	GlobalSection(NestedProjects) = preSolution
		{BD88FB95-BE75-4797-B1E0-59B62ED3F5AF} = {C769CF02-15D2-4735-B835-897313C5020E}
		{842C5F0E-7AFD-4A5E-A463-D2F563D6A176} = {BD88FB95-BE75-4797-B1E0-59B62ED3F5AF}
		{A341F939-509A-4E34-8AC0-F4985CD0BB52} = {C769CF02-15D2-4735-B835-897313C5020E}
		{1706B640-CBE8-4DC6-8688-3CD06F91BE1B} = {A341F939-509A-4E34-8AC0-F4985CD0BB52}
		{E5B1FF7A-C51E-4DB7-B2C0-8369242D0444} = {C769CF02-15D2-4735-B835-897313C5020E}
		{1E832806-580F-4D72-82E6-AD32BFF4A2CE} = {E5B1FF7A-C51E-4DB7-B2C0-8369242D0444}
	EndGlobalSection
	GlobalSection(ExtensibilityGlobals) = postSolution
		SolutionGuid = {633F9A26-830F-473E-AB0B-C23D328772F3}
	EndGlobalSection
EndGlobal
